
Microsoft Visual Studio Solution File, Format Version 12.00
# Visual Studio Version 17
VisualStudioVersion = 17.7.34202.233
MinimumVisualStudioVersion = 10.0.40219.1
Project("{FAE04EC0-301F-11D3-BF4B-00C04F79EFBC}") = "Exercicios", "Exercicios.csproj", "{9C9935C1-9678-455B-BD15-37E840F48092}"
EndProject
Global
	GlobalSection(SolutionConfigurationPlatforms) = preSolution
		Debug|Any CPU = Debug|Any CPU
		Release|Any CPU = Release|Any CPU
	EndGlobalSection
	GlobalSection(ProjectConfigurationPlatforms) = postSolution
		{9C9935C1-9678-455B-BD15-37E840F48092}.Debug|Any CPU.ActiveCfg = Debug|Any CPU
		{9C9935C1-9678-455B-BD15-37E840F48092}.Debug|Any CPU.Build.0 = Debug|Any CPU
		{9C9935C1-9678-455B-BD15-37E840F48092}.Release|Any CPU.ActiveCfg = Release|Any CPU
		{9C9935C1-9678-455B-BD15-37E840F48092}.Release|Any CPU.Build.0 = Release|Any CPU
	EndGlobalSection
	GlobalSection(SolutionProperties) = preSolution
		HideSolutionNode = FALSE
	EndGlobalSection
	GlobalSection(ExtensibilityGlobals) = postSolution
		SolutionGuid = {06A1F62B-4A64-454A-9517-3877F617D753}
	EndGlobalSection
EndGlobal
